// !$*UTF8*$!
{
	archiveVersion = 1;
	classes = {
	};
	objectVersion = 46;
	objects = {

/* Begin PBXBuildFile section */
		C42705251E3FE8DD00B8B570 /* AppDelegate.swift in Sources */ = {isa = PBXBuildFile; fileRef = C42705241E3FE8DD00B8B570 /* AppDelegate.swift */; };
		C427052A1E3FE8DD00B8B570 /* Main.storyboard in Resources */ = {isa = PBXBuildFile; fileRef = C42705281E3FE8DD00B8B570 /* Main.storyboard */; };
		C427052D1E3FE8DD00B8B570 /* RandomListTest.xcdatamodeld in Sources */ = {isa = PBXBuildFile; fileRef = C427052B1E3FE8DD00B8B570 /* RandomListTest.xcdatamodeld */; };
		C427052F1E3FE8DD00B8B570 /* Assets.xcassets in Resources */ = {isa = PBXBuildFile; fileRef = C427052E1E3FE8DD00B8B570 /* Assets.xcassets */; };
		C42705321E3FE8DD00B8B570 /* LaunchScreen.storyboard in Resources */ = {isa = PBXBuildFile; fileRef = C42705301E3FE8DD00B8B570 /* LaunchScreen.storyboard */; };
		C427053D1E3FF48700B8B570 /* ParentRandomListTableViewController.swift in Sources */ = {isa = PBXBuildFile; fileRef = C427053C1E3FF48700B8B570 /* ParentRandomListTableViewController.swift */; };
		C42705481E40002400B8B570 /* ChildRandomListViewController.swift in Sources */ = {isa = PBXBuildFile; fileRef = C42705471E40002400B8B570 /* ChildRandomListViewController.swift */; };
		C4514EDE1E4268450040BFDC /* ChildRandomListTableViewCell.swift in Sources */ = {isa = PBXBuildFile; fileRef = C4514EDD1E4268450040BFDC /* ChildRandomListTableViewCell.swift */; };
		C4514EE01E426E930040BFDC /* MaterialView.swift in Sources */ = {isa = PBXBuildFile; fileRef = C4514EDF1E426E930040BFDC /* MaterialView.swift */; };
/* End PBXBuildFile section */

/* Begin PBXFileReference section */
		C42705211E3FE8DD00B8B570 /* RandomListTest.app */ = {isa = PBXFileReference; explicitFileType = wrapper.application; includeInIndex = 0; path = RandomListTest.app; sourceTree = BUILT_PRODUCTS_DIR; };
		C42705241E3FE8DD00B8B570 /* AppDelegate.swift */ = {isa = PBXFileReference; lastKnownFileType = sourcecode.swift; path = AppDelegate.swift; sourceTree = "<group>"; };
		C42705291E3FE8DD00B8B570 /* Base */ = {isa = PBXFileReference; lastKnownFileType = file.storyboard; name = Base; path = Base.lproj/Main.storyboard; sourceTree = "<group>"; };
		C427052C1E3FE8DD00B8B570 /* RandomListTest.xcdatamodel */ = {isa = PBXFileReference; lastKnownFileType = wrapper.xcdatamodel; path = RandomListTest.xcdatamodel; sourceTree = "<group>"; };
		C427052E1E3FE8DD00B8B570 /* Assets.xcassets */ = {isa = PBXFileReference; lastKnownFileType = folder.assetcatalog; path = Assets.xcassets; sourceTree = "<group>"; };
		C42705311E3FE8DD00B8B570 /* Base */ = {isa = PBXFileReference; lastKnownFileType = file.storyboard; name = Base; path = Base.lproj/LaunchScreen.storyboard; sourceTree = "<group>"; };
		C42705331E3FE8DD00B8B570 /* Info.plist */ = {isa = PBXFileReference; lastKnownFileType = text.plist.xml; path = Info.plist; sourceTree = "<group>"; };
		C427053C1E3FF48700B8B570 /* ParentRandomListTableViewController.swift */ = {isa = PBXFileReference; fileEncoding = 4; lastKnownFileType = sourcecode.swift; path = ParentRandomListTableViewController.swift; sourceTree = "<group>"; };
		C42705471E40002400B8B570 /* ChildRandomListViewController.swift */ = {isa = PBXFileReference; fileEncoding = 4; lastKnownFileType = sourcecode.swift; path = ChildRandomListViewController.swift; sourceTree = "<group>"; };
		C4514EDD1E4268450040BFDC /* ChildRandomListTableViewCell.swift */ = {isa = PBXFileReference; fileEncoding = 4; lastKnownFileType = sourcecode.swift; path = ChildRandomListTableViewCell.swift; sourceTree = "<group>"; };
		C4514EDF1E426E930040BFDC /* MaterialView.swift */ = {isa = PBXFileReference; fileEncoding = 4; lastKnownFileType = sourcecode.swift; path = MaterialView.swift; sourceTree = "<group>"; };
/* End PBXFileReference section */

/* Begin PBXFrameworksBuildPhase section */
		C427051E1E3FE8DD00B8B570 /* Frameworks */ = {
			isa = PBXFrameworksBuildPhase;
			buildActionMask = 2147483647;
			files = (
			);
			runOnlyForDeploymentPostprocessing = 0;
		};
/* End PBXFrameworksBuildPhase section */

/* Begin PBXGroup section */
		C42705181E3FE8DD00B8B570 = {
			isa = PBXGroup;
			children = (
				C42705231E3FE8DD00B8B570 /* RandomListTest */,
				C42705221E3FE8DD00B8B570 /* Products */,
			);
			sourceTree = "<group>";
		};
		C42705221E3FE8DD00B8B570 /* Products */ = {
			isa = PBXGroup;
			children = (
				C42705211E3FE8DD00B8B570 /* RandomListTest.app */,
			);
			name = Products;
			sourceTree = "<group>";
		};
		C42705231E3FE8DD00B8B570 /* RandomListTest */ = {
			isa = PBXGroup;
			children = (
				C42705391E3FEB0400B8B570 /* Supporting Files */,
				C427053A1E3FEB5000B8B570 /* Parent List */,
				C42705451E3FFFDE00B8B570 /* Child List */,
				C42705281E3FE8DD00B8B570 /* Main.storyboard */,
				C427052B1E3FE8DD00B8B570 /* RandomListTest.xcdatamodeld */,
			);
			path = RandomListTest;
			sourceTree = "<group>";
		};
		C42705391E3FEB0400B8B570 /* Supporting Files */ = {
			isa = PBXGroup;
			children = (
				C42705241E3FE8DD00B8B570 /* AppDelegate.swift */,
				C427052E1E3FE8DD00B8B570 /* Assets.xcassets */,
				C42705301E3FE8DD00B8B570 /* LaunchScreen.storyboard */,
				C42705331E3FE8DD00B8B570 /* Info.plist */,
			);
			name = "Supporting Files";
			sourceTree = "<group>";
		};
		C427053A1E3FEB5000B8B570 /* Parent List */ = {
			isa = PBXGroup;
			children = (
				C427053B1E3FEB6100B8B570 /* Controller */,
			);
			name = "Parent List";
			sourceTree = "<group>";
		};
		C427053B1E3FEB6100B8B570 /* Controller */ = {
			isa = PBXGroup;
			children = (
				C427053C1E3FF48700B8B570 /* ParentRandomListTableViewController.swift */,
			);
			name = Controller;
			sourceTree = "<group>";
		};
		C42705451E3FFFDE00B8B570 /* Child List */ = {
			isa = PBXGroup;
			children = (
				C4514EDC1E42682A0040BFDC /* View */,
				C42705461E3FFFEC00B8B570 /* Controller */,
			);
			name = "Child List";
			sourceTree = "<group>";
		};
		C42705461E3FFFEC00B8B570 /* Controller */ = {
			isa = PBXGroup;
			children = (
				C42705471E40002400B8B570 /* ChildRandomListViewController.swift */,
			);
			name = Controller;
			sourceTree = "<group>";
		};
		C4514EDC1E42682A0040BFDC /* View */ = {
			isa = PBXGroup;
			children = (
				C4514EDF1E426E930040BFDC /* MaterialView.swift */,
				C4514EDD1E4268450040BFDC /* ChildRandomListTableViewCell.swift */,
			);
			name = View;
			sourceTree = "<group>";
		};
/* End PBXGroup section */

/* Begin PBXNativeTarget section */
		C42705201E3FE8DD00B8B570 /* RandomListTest */ = {
			isa = PBXNativeTarget;
			buildConfigurationList = C42705361E3FE8DD00B8B570 /* Build configuration list for PBXNativeTarget "RandomListTest" */;
			buildPhases = (
				C427051D1E3FE8DD00B8B570 /* Sources */,
				C427051E1E3FE8DD00B8B570 /* Frameworks */,
				C427051F1E3FE8DD00B8B570 /* Resources */,
			);
			buildRules = (
			);
			dependencies = (
			);
			name = RandomListTest;
			productName = RandomListTest;
			productReference = C42705211E3FE8DD00B8B570 /* RandomListTest.app */;
			productType = "com.apple.product-type.application";
		};
/* End PBXNativeTarget section */

/* Begin PBXProject section */
		C42705191E3FE8DD00B8B570 /* Project object */ = {
			isa = PBXProject;
			attributes = {
				LastSwiftUpdateCheck = 0820;
				LastUpgradeCheck = 0820;
				ORGANIZATIONNAME = "Victor Stone";
				TargetAttributes = {
					C42705201E3FE8DD00B8B570 = {
						CreatedOnToolsVersion = 8.2.1;
						DevelopmentTeam = NXDJY7KCRL;
						ProvisioningStyle = Automatic;
					};
				};
			};
			buildConfigurationList = C427051C1E3FE8DD00B8B570 /* Build configuration list for PBXProject "RandomListTest" */;
			compatibilityVersion = "Xcode 3.2";
			developmentRegion = English;
			hasScannedForEncodings = 0;
			knownRegions = (
				en,
				Base,
			);
			mainGroup = C42705181E3FE8DD00B8B570;
			productRefGroup = C42705221E3FE8DD00B8B570 /* Products */;
			projectDirPath = "";
			projectRoot = "";
			targets = (
				C42705201E3FE8DD00B8B570 /* RandomListTest */,
			);
		};
/* End PBXProject section */

/* Begin PBXResourcesBuildPhase section */
		C427051F1E3FE8DD00B8B570 /* Resources */ = {
			isa = PBXResourcesBuildPhase;
			buildActionMask = 2147483647;
			files = (
				C42705321E3FE8DD00B8B570 /* LaunchScreen.storyboard in Resources */,
				C427052F1E3FE8DD00B8B570 /* Assets.xcassets in Resources */,
				C427052A1E3FE8DD00B8B570 /* Main.storyboard in Resources */,
			);
			runOnlyForDeploymentPostprocessing = 0;
		};
/* End PBXResourcesBuildPhase section */

/* Begin PBXSourcesBuildPhase section */
		C427051D1E3FE8DD00B8B570 /* Sources */ = {
			isa = PBXSourcesBuildPhase;
			buildActionMask = 2147483647;
			files = (
				C427053D1E3FF48700B8B570 /* ParentRandomListTableViewController.swift in Sources */,
				C4514EDE1E4268450040BFDC /* ChildRandomListTableViewCell.swift in Sources */,
				C42705251E3FE8DD00B8B570 /* AppDelegate.swift in Sources */,
				C4514EE01E426E930040BFDC /* MaterialView.swift in Sources */,
				C42705481E40002400B8B570 /* ChildRandomListViewController.swift in Sources */,
				C427052D1E3FE8DD00B8B570 /* RandomListTest.xcdatamodeld in Sources */,
			);
			runOnlyForDeploymentPostprocessing = 0;
		};
/* End PBXSourcesBuildPhase section */

/* Begin PBXVariantGroup section */
		C42705281E3FE8DD00B8B570 /* Main.storyboard */ = {
			isa = PBXVariantGroup;
			children = (
				C42705291E3FE8DD00B8B570 /* Base */,
			);
			name = Main.storyboard;
			sourceTree = "<group>";
		};
		C42705301E3FE8DD00B8B570 /* LaunchScreen.storyboard */ = {
			isa = PBXVariantGroup;
			children = (
				C42705311E3FE8DD00B8B570 /* Base */,
			);
			name = LaunchScreen.storyboard;
			sourceTree = "<group>";
		};
/* End PBXVariantGroup section */

/* Begin XCBuildConfiguration section */
		C42705341E3FE8DD00B8B570 /* Debug */ = {
			isa = XCBuildConfiguration;
			buildSettings = {
				ALWAYS_SEARCH_USER_PATHS = NO;
				CLANG_ANALYZER_NONNULL = YES;
				CLANG_CXX_LANGUAGE_STANDARD = "gnu++0x";
				CLANG_CXX_LIBRARY = "libc++";
				CLANG_ENABLE_MODULES = YES;
				CLANG_ENABLE_OBJC_ARC = YES;
				CLANG_WARN_BOOL_CONVERSION = YES;
				CLANG_WARN_CONSTANT_CONVERSION = YES;
				CLANG_WARN_DIRECT_OBJC_ISA_USAGE = YES_ERROR;
				CLANG_WARN_DOCUMENTATION_COMMENTS = YES;
				CLANG_WARN_EMPTY_BODY = YES;
				CLANG_WARN_ENUM_CONVERSION = YES;
				CLANG_WARN_INFINITE_RECURSION = YES;
				CLANG_WARN_INT_CONVERSION = YES;
				CLANG_WARN_OBJC_ROOT_CLASS = YES_ERROR;
				CLANG_WARN_SUSPICIOUS_MOVE = YES;
				CLANG_WARN_UNREACHABLE_CODE = YES;
				CLANG_WARN__DUPLICATE_METHOD_MATCH = YES;
				"CODE_SIGN_IDENTITY[sdk=iphoneos*]" = "iPhone Developer";
				COPY_PHASE_STRIP = NO;
				DEBUG_INFORMATION_FORMAT = dwarf;
				ENABLE_STRICT_OBJC_MSGSEND = YES;
				ENABLE_TESTABILITY = YES;
				GCC_C_LANGUAGE_STANDARD = gnu99;
				GCC_DYNAMIC_NO_PIC = NO;
				GCC_NO_COMMON_BLOCKS = YES;
				GCC_OPTIMIZATION_LEVEL = 0;
				GCC_PREPROCESSOR_DEFINITIONS = (
					"DEBUG=1",
					"$(inherited)",
				);
				GCC_WARN_64_TO_32_BIT_CONVERSION = YES;
				GCC_WARN_ABOUT_RETURN_TYPE = YES_ERROR;
				GCC_WARN_UNDECLARED_SELECTOR = YES;
				GCC_WARN_UNINITIALIZED_AUTOS = YES_AGGRESSIVE;
				GCC_WARN_UNUSED_FUNCTION = YES;
				GCC_WARN_UNUSED_VARIABLE = YES;
				IPHONEOS_DEPLOYMENT_TARGET = 10.2;
				MTL_ENABLE_DEBUG_INFO = YES;
				ONLY_ACTIVE_ARCH = YES;
				SDKROOT = iphoneos;
				SWIFT_ACTIVE_COMPILATION_CONDITIONS = DEBUG;
				SWIFT_OPTIMIZATION_LEVEL = "-Onone";
			};
			name = Debug;
		};
		C42705351E3FE8DD00B8B570 /* Release */ = {
			isa = XCBuildConfiguration;
			buildSettings = {
				ALWAYS_SEARCH_USER_PATHS = NO;
				CLANG_ANALYZER_NONNULL = YES;
				CLANG_CXX_LANGUAGE_STANDARD = "gnu++0x";
				CLANG_CXX_LIBRARY = "libc++";
				CLANG_ENABLE_MODULES = YES;
				CLANG_ENABLE_OBJC_ARC = YES;
				CLANG_WARN_BOOL_CONVERSION = YES;
				CLANG_WARN_CONSTANT_CONVERSION = YES;
				CLANG_WARN_DIRECT_OBJC_ISA_USAGE = YES_ERROR;
				CLANG_WARN_DOCUMENTATION_COMMENTS = YES;
				CLANG_WARN_EMPTY_BODY = YES;
				CLANG_WARN_ENUM_CONVERSION = YES;
				CLANG_WARN_INFINITE_RECURSION = YES;
				CLANG_WARN_INT_CONVERSION = YES;
				CLANG_WARN_OBJC_ROOT_CLASS = YES_ERROR;
				CLANG_WARN_SUSPICIOUS_MOVE = YES;
				CLANG_WARN_UNREACHABLE_CODE = YES;
				CLANG_WARN__DUPLICATE_METHOD_MATCH = YES;
				"CODE_SIGN_IDENTITY[sdk=iphoneos*]" = "iPhone Developer";
				COPY_PHASE_STRIP = NO;
				DEBUG_INFORMATION_FORMAT = "dwarf-with-dsym";
				ENABLE_NS_ASSERTIONS = NO;
				ENABLE_STRICT_OBJC_MSGSEND = YES;
				GCC_C_LANGUAGE_STANDARD = gnu99;
				GCC_NO_COMMON_BLOCKS = YES;
				GCC_WARN_64_TO_32_BIT_CONVERSION = YES;
				GCC_WARN_ABOUT_RETURN_TYPE = YES_ERROR;
				GCC_WARN_UNDECLARED_SELECTOR = YES;
				GCC_WARN_UNINITIALIZED_AUTOS = YES_AGGRESSIVE;
				GCC_WARN_UNUSED_FUNCTION = YES;
				GCC_WARN_UNUSED_VARIABLE = YES;
				IPHONEOS_DEPLOYMENT_TARGET = 10.2;
				MTL_ENABLE_DEBUG_INFO = NO;
				SDKROOT = iphoneos;
				SWIFT_OPTIMIZATION_LEVEL = "-Owholemodule";
				VALIDATE_PRODUCT = YES;
			};
			name = Release;
		};
		C42705371E3FE8DD00B8B570 /* Debug */ = {
			isa = XCBuildConfiguration;
			buildSettings = {
				ASSETCATALOG_COMPILER_APPICON_NAME = AppIcon;
				DEVELOPMENT_TEAM = NXDJY7KCRL;
				INFOPLIST_FILE = RandomListTest/Info.plist;
				LD_RUNPATH_SEARCH_PATHS = "$(inherited) @executable_path/Frameworks";
				PRODUCT_BUNDLE_IDENTIFIER = is.RandomListTest;
				PRODUCT_NAME = "$(TARGET_NAME)";
				SWIFT_VERSION = 3.0;
			};
			name = Debug;
		};
		C42705381E3FE8DD00B8B570 /* Release */ = {
			isa = XCBuildConfiguration;
			buildSettings = {
				ASSETCATALOG_COMPILER_APPICON_NAME = AppIcon;
				DEVELOPMENT_TEAM = NXDJY7KCRL;
				INFOPLIST_FILE = RandomListTest/Info.plist;
				LD_RUNPATH_SEARCH_PATHS = "$(inherited) @executable_path/Frameworks";
				PRODUCT_BUNDLE_IDENTIFIER = is.RandomListTest;
				PRODUCT_NAME = "$(TARGET_NAME)";
				SWIFT_VERSION = 3.0;
			};
			name = Release;
		};
/* End XCBuildConfiguration section */

/* Begin XCConfigurationList section */
		C427051C1E3FE8DD00B8B570 /* Build configuration list for PBXProject "RandomListTest" */ = {
			isa = XCConfigurationList;
			buildConfigurations = (
				C42705341E3FE8DD00B8B570 /* Debug */,
				C42705351E3FE8DD00B8B570 /* Release */,
			);
			defaultConfigurationIsVisible = 0;
			defaultConfigurationName = Release;
		};
		C42705361E3FE8DD00B8B570 /* Build configuration list for PBXNativeTarget "RandomListTest" */ = {
			isa = XCConfigurationList;
			buildConfigurations = (
				C42705371E3FE8DD00B8B570 /* Debug */,
				C42705381E3FE8DD00B8B570 /* Release */,
			);
			defaultConfigurationIsVisible = 0;
			defaultConfigurationName = Release;
		};
/* End XCConfigurationList section */

/* Begin XCVersionGroup section */
		C427052B1E3FE8DD00B8B570 /* RandomListTest.xcdatamodeld */ = {
			isa = XCVersionGroup;
			children = (
				C427052C1E3FE8DD00B8B570 /* RandomListTest.xcdatamodel */,
			);
			currentVersion = C427052C1E3FE8DD00B8B570 /* RandomListTest.xcdatamodel */;
			path = RandomListTest.xcdatamodeld;
			sourceTree = "<group>";
			versionGroupType = wrapper.xcdatamodel;
		};
/* End XCVersionGroup section */
	};
	rootObject = C42705191E3FE8DD00B8B570 /* Project object */;
}
